// !$*UTF8*$!
{
	archiveVersion = 1;
	classes = {
	};
	objectVersion = 46;
	objects = {
/* Begin PBXBuildFile section */
		0207DA581B56EA530066E2B4 /* Images.xcassets in Resources */ = {isa = PBXBuildFile; fileRef = 0207DA571B56EA530066E2B4 /* Images.xcassets */; };
		04CAF17E5E11484796A822B1 /* CDVCapture.bundle in Resources */ = {isa = PBXBuildFile; fileRef = 5B8BDF3F195B41A09D1979F8 /* CDVCapture.bundle */; };
		0667BB8D1AAA4D37AA965E51 /* CDVJpegHeaderWriter.m in Sources */ = {isa = PBXBuildFile; fileRef = E054731C94A54308B01C16D4 /* CDVJpegHeaderWriter.m */; };
		069CDAB0062D424BB0A5DF6C /* CDVQQSDK.m in Sources */ = {isa = PBXBuildFile; fileRef = EE99E04775F74C0EA763395A /* CDVQQSDK.m */; };
		0F94D0D0A1E1440FB5A1A10F /* CDVStatusBar.m in Sources */ = {isa = PBXBuildFile; fileRef = 60A7162A2E444EA1A3688B27 /* CDVStatusBar.m */; };
		1509B41B366247F8A7460ECA /* libstdc++.tbd in Frameworks */ = {isa = PBXBuildFile; fileRef = 6AA667663AFB4C5497165F16 /* libstdc++.tbd */; };
		1D3623260D0F684500981E51 /* AppDelegate.m in Sources */ = {isa = PBXBuildFile; fileRef = 1D3623250D0F684500981E51 /* AppDelegate.m */; };
		1D60589B0D05DD56006BFB54 /* main.m in Sources */ = {isa = PBXBuildFile; fileRef = 29B97316FDCFA39411CA2CEA /* main.m */; };
		301BF552109A68D80062928A /* libCordova.a in Frameworks */ = {isa = PBXBuildFile; fileRef = 301BF535109A57CC0062928A /* libCordova.a */; };
		302D95F114D2391D003F00A1 /* MainViewController.m in Sources */ = {isa = PBXBuildFile; fileRef = 302D95EF14D2391D003F00A1 /* MainViewController.m */; };
		302D95F214D2391D003F00A1 /* MainViewController.xib in Resources */ = {isa = PBXBuildFile; fileRef = 302D95F014D2391D003F00A1 /* MainViewController.xib */; };
		3CDDDF0586B345B7ADBCA1AE /* CoreLocation.framework in Frameworks */ = {isa = PBXBuildFile; fileRef = 2111A6E0A8CE4581AEC47E4F /* CoreLocation.framework */; };
		3D2EAE77B19844B7B678FACD /* AVFoundation.framework in Frameworks */ = {isa = PBXBuildFile; fileRef = 335965F4008246119A935438 /* AVFoundation.framework */; };
		42CB0BFC18874163B14CA818 /* libiconv.tbd in Frameworks */ = {isa = PBXBuildFile; fileRef = 6DF73D32C7DE443CBE45B8E2 /* libiconv.tbd */; };
		4EDBB36A747846E39D0F6487 /* CDVWechat.m in Sources */ = {isa = PBXBuildFile; fileRef = D6800103023547C6BCEF5E7B /* CDVWechat.m */; };
		5DA03385585B41DE90F1D457 /* CDVInAppBrowser.m in Sources */ = {isa = PBXBuildFile; fileRef = 4098AB40C4E742138DF98601 /* CDVInAppBrowser.m */; };
		5E4F94464EE74A0487395E1A /* CDVAssetLibraryFilesystem.m in Sources */ = {isa = PBXBuildFile; fileRef = B15D3EF9684D4A59B99FDA6B /* CDVAssetLibraryFilesystem.m */; };
		69E90970E28347628E69B20F /* UIImage+CropScaleOrientation.m in Sources */ = {isa = PBXBuildFile; fileRef = 65E0E552163E4211A97E5E01 /* UIImage+CropScaleOrientation.m */; };
		6AFF5BF91D6E424B00AB3073 /* CDVLaunchScreen.storyboard in Resources */ = {isa = PBXBuildFile; fileRef = 6AFF5BF81D6E424B00AB3073 /* CDVLaunchScreen.storyboard */; };
		77F10B0A871142E7859886F4 /* CDVViewController+SplashScreen.m in Sources */ = {isa = PBXBuildFile; fileRef = FE1241853404445E8E114B89 /* CDVViewController+SplashScreen.m */; };
		7CE285A4AB4D46C98868999C /* libsqlite3.tbd in Frameworks */ = {isa = PBXBuildFile; fileRef = CE1F958352A14626AAA0DFE7 /* libsqlite3.tbd */; };
		7F778BD3199F4AB9B231BF29 /* CDVFile.m in Sources */ = {isa = PBXBuildFile; fileRef = C36A7A53EBD24357846F3E86 /* CDVFile.m */; };
		8BE1AF858F60486CBBC40671 /* CDVFileTransfer.m in Sources */ = {isa = PBXBuildFile; fileRef = 1DDC0A7F69E84FDBA39F56B3 /* CDVFileTransfer.m */; };
		A25EC02AF2F44C198C8DD58D /* Security.framework in Frameworks */ = {isa = PBXBuildFile; fileRef = F81E64B5876A445091B58521 /* Security.framework */; };
		AFC3BC0C4D9442008982CB9F /* libsqlite3.0.tbd in Frameworks */ = {isa = PBXBuildFile; fileRef = 6AD917F96DC94751AB667D3D /* libsqlite3.0.tbd */; };
		BD32485D3FF14829B8E7F6E6 /* TencentOpenAPI.framework in Frameworks */ = {isa = PBXBuildFile; fileRef = E641BDC9F2B549E8A9D70CB7 /* TencentOpenAPI.framework */; };
		C0CC8F9E66AC4F02B368711B /* CFNetwork.framework in Frameworks */ = {isa = PBXBuildFile; fileRef = FF700DC0617D41929D39D5E3 /* CFNetwork.framework */; };
		C42BD5B64CA94F1F821F5C93 /* CDVLocalFilesystem.m in Sources */ = {isa = PBXBuildFile; fileRef = 6676EAFB6AF9493D8FF2274E /* CDVLocalFilesystem.m */; };
		CA7644B0653C42999FFAE479 /* libstdc++.6.tbd in Frameworks */ = {isa = PBXBuildFile; fileRef = 2A16BF82CB67468AA1458ABA /* libstdc++.6.tbd */; };
		D0C1EB1F7A2142C9A2E74D73 /* ImageIO.framework in Frameworks */ = {isa = PBXBuildFile; fileRef = EC402947B66D46058B2E986F /* ImageIO.framework */; settings = {ATTRIBUTES = (Weak, ); }; };
		D83C0444BDB94E24908E2071 /* CDVSplashScreen.m in Sources */ = {isa = PBXBuildFile; fileRef = 5B8900321BEE4B1D9EBAE758 /* CDVSplashScreen.m */; };
		D9B942F382184A57AAEA481A /* SystemConfiguration.framework in Frameworks */ = {isa = PBXBuildFile; fileRef = 4AAEDB04F6CB44A39FDBAF17 /* SystemConfiguration.framework */; };
		E5A2F9C576964E58895B98AA /* CoreTelephony.framework in Frameworks */ = {isa = PBXBuildFile; fileRef = 0C991E7AC41848A3A33AD386 /* CoreTelephony.framework */; };
		EEA093139C21421F9E6D326F /* TencentOpenApi_IOS_Bundle.bundle in Resources */ = {isa = PBXBuildFile; fileRef = BAAEB4282EA24D358D911E03 /* TencentOpenApi_IOS_Bundle.bundle */; };
		F4518EC330BB4A5EA1579789 /* libWeChatSDK.a in Frameworks */ = {isa = PBXBuildFile; fileRef = 3AFD7E877B2D480CB94EE46F /* libWeChatSDK.a */; };
		F5DAA44B8F72410DAFFCDDC3 /* CDVCamera.m in Sources */ = {isa = PBXBuildFile; fileRef = 8C46CBA4973D48B894943633 /* CDVCamera.m */; };
		FAE6C739A1B9402C96BA3DB0 /* libz.tbd in Frameworks */ = {isa = PBXBuildFile; fileRef = 330C621CA5704BD6B76D63D1 /* libz.tbd */; };
		FDD7AA58B1534BD5A792985F /* CDVCapture.m in Sources */ = {isa = PBXBuildFile; fileRef = 387D9F78A2F343D5B3760DF8 /* CDVCapture.m */; };
		9E7B6BDED70B474B8054658D /* RareloopAppVersion.m in Sources */ = {isa = PBXBuildFile; fileRef = 14902DE833044487958206B1 /* RareloopAppVersion.m */; };
/* End PBXBuildFile section */

/* Begin PBXContainerItemProxy section */
		301BF534109A57CC0062928A /* PBXContainerItemProxy */ = {
			isa = PBXContainerItemProxy;
			containerPortal = 301BF52D109A57CC0062928A /* CordovaLib.xcodeproj */;
			proxyType = 2;
			remoteGlobalIDString = D2AAC07E0554694100DB518D;
			remoteInfo = CordovaLib;
		};
		301BF550109A68C00062928A /* PBXContainerItemProxy */ = {
			isa = PBXContainerItemProxy;
			containerPortal = 301BF52D109A57CC0062928A /* CordovaLib.xcodeproj */;
			proxyType = 1;
			remoteGlobalIDString = D2AAC07D0554694100DB518D;
			remoteInfo = CordovaLib;
		};
/* End PBXContainerItemProxy section */

/* Begin PBXFileReference section */
		0207DA571B56EA530066E2B4 /* Images.xcassets */ = {isa = PBXFileReference; lastKnownFileType = folder.assetcatalog; name = Images.xcassets; path = "信贷派/Images.xcassets"; sourceTree = SOURCE_ROOT; };
		0C991E7AC41848A3A33AD386 /* CoreTelephony.framework */ = {isa = PBXFileReference; explicitFileType = undefined; fileEncoding = 9; includeInIndex = 0; lastKnownFileType = wrapper.framework; name = CoreTelephony.framework; path = System/Library/Frameworks/CoreTelephony.framework; sourceTree = SDKROOT; };
		1D3623240D0F684500981E51 /* AppDelegate.h */ = {isa = PBXFileReference; fileEncoding = 4; lastKnownFileType = sourcecode.c.h; path = AppDelegate.h; sourceTree = "<group>"; };
		1D3623250D0F684500981E51 /* AppDelegate.m */ = {isa = PBXFileReference; fileEncoding = 4; lastKnownFileType = sourcecode.c.objc; path = AppDelegate.m; sourceTree = "<group>"; };
		1D6058910D05DD3D006BFB54 /* 信贷派.app */ = {isa = PBXFileReference; explicitFileType = wrapper.application; includeInIndex = 0; path = "信贷派.app"; sourceTree = BUILT_PRODUCTS_DIR; };
		1DDC0A7F69E84FDBA39F56B3 /* CDVFileTransfer.m */ = {isa = PBXFileReference; explicitFileType = undefined; fileEncoding = 4; includeInIndex = 0; lastKnownFileType = sourcecode.c.objc; name = CDVFileTransfer.m; path = "cordova-plugin-file-transfer/CDVFileTransfer.m"; sourceTree = "<group>"; };
		2111A6E0A8CE4581AEC47E4F /* CoreLocation.framework */ = {isa = PBXFileReference; explicitFileType = undefined; fileEncoding = 9; includeInIndex = 0; lastKnownFileType = wrapper.framework; name = CoreLocation.framework; path = System/Library/Frameworks/CoreLocation.framework; sourceTree = SDKROOT; };
		29B97316FDCFA39411CA2CEA /* main.m */ = {isa = PBXFileReference; fileEncoding = 4; lastKnownFileType = sourcecode.c.objc; path = main.m; sourceTree = "<group>"; };
		2A16BF82CB67468AA1458ABA /* libstdc++.6.tbd */ = {isa = PBXFileReference; explicitFileType = undefined; fileEncoding = 9; includeInIndex = 0; lastKnownFileType = "sourcecode.text-based-dylib-definition"; name = "libstdc++.6.tbd"; path = "usr/lib/libstdc++.6.tbd"; sourceTree = SDKROOT; };
		301BF52D109A57CC0062928A /* CordovaLib.xcodeproj */ = {isa = PBXFileReference; lastKnownFileType = "wrapper.pb-project"; name = CordovaLib.xcodeproj; path = CordovaLib/CordovaLib.xcodeproj; sourceTree = "<group>"; };
		301BF56E109A69640062928A /* www */ = {isa = PBXFileReference; lastKnownFileType = folder; path = www; sourceTree = SOURCE_ROOT; };
		302D95EE14D2391D003F00A1 /* MainViewController.h */ = {isa = PBXFileReference; fileEncoding = 4; lastKnownFileType = sourcecode.c.h; path = MainViewController.h; sourceTree = "<group>"; };
		302D95EF14D2391D003F00A1 /* MainViewController.m */ = {isa = PBXFileReference; fileEncoding = 4; lastKnownFileType = sourcecode.c.objc; path = MainViewController.m; sourceTree = "<group>"; };
		302D95F014D2391D003F00A1 /* MainViewController.xib */ = {isa = PBXFileReference; fileEncoding = 4; lastKnownFileType = file.xib; path = MainViewController.xib; sourceTree = "<group>"; };
		3047A50F1AB8059700498E2A /* build-debug.xcconfig */ = {isa = PBXFileReference; fileEncoding = 4; lastKnownFileType = text.xcconfig; name = "build-debug.xcconfig"; path = "cordova/build-debug.xcconfig"; sourceTree = SOURCE_ROOT; };
		3047A5101AB8059700498E2A /* build-release.xcconfig */ = {isa = PBXFileReference; fileEncoding = 4; lastKnownFileType = text.xcconfig; name = "build-release.xcconfig"; path = "cordova/build-release.xcconfig"; sourceTree = SOURCE_ROOT; };
		3047A5111AB8059700498E2A /* build.xcconfig */ = {isa = PBXFileReference; fileEncoding = 4; lastKnownFileType = text.xcconfig; name = build.xcconfig; path = cordova/build.xcconfig; sourceTree = SOURCE_ROOT; };
		32CA4F630368D1EE00C91783 /* 信贷派-Prefix.pch */ = {isa = PBXFileReference; fileEncoding = 4; lastKnownFileType = sourcecode.c.h; path = "信贷派-Prefix.pch"; sourceTree = "<group>"; };
		330C621CA5704BD6B76D63D1 /* libz.tbd */ = {isa = PBXFileReference; explicitFileType = undefined; fileEncoding = 9; includeInIndex = 0; lastKnownFileType = "sourcecode.text-based-dylib-definition"; name = libz.tbd; path = usr/lib/libz.tbd; sourceTree = SDKROOT; };
		335965F4008246119A935438 /* AVFoundation.framework */ = {isa = PBXFileReference; explicitFileType = undefined; fileEncoding = 9; includeInIndex = 0; lastKnownFileType = wrapper.framework; name = AVFoundation.framework; path = System/Library/Frameworks/AVFoundation.framework; sourceTree = SDKROOT; };
		387D9F78A2F343D5B3760DF8 /* CDVCapture.m */ = {isa = PBXFileReference; explicitFileType = undefined; fileEncoding = 4; includeInIndex = 0; lastKnownFileType = sourcecode.c.objc; name = CDVCapture.m; path = "cordova-plugin-media-capture/CDVCapture.m"; sourceTree = "<group>"; };
		3AFD7E877B2D480CB94EE46F /* libWeChatSDK.a */ = {isa = PBXFileReference; explicitFileType = undefined; fileEncoding = 9; includeInIndex = 0; lastKnownFileType = archive.ar; name = libWeChatSDK.a; path = "信贷派/Plugins/cordova-plugin-wechat/libWeChatSDK.a"; sourceTree = "<group>"; };
		404E6079BCD94441B36340D3 /* CDVInAppBrowser.h */ = {isa = PBXFileReference; explicitFileType = undefined; fileEncoding = 4; includeInIndex = 0; lastKnownFileType = sourcecode.c.h; name = CDVInAppBrowser.h; path = "cordova-plugin-inappbrowser/CDVInAppBrowser.h"; sourceTree = "<group>"; };
		4098AB40C4E742138DF98601 /* CDVInAppBrowser.m */ = {isa = PBXFileReference; explicitFileType = undefined; fileEncoding = 4; includeInIndex = 0; lastKnownFileType = sourcecode.c.objc; name = CDVInAppBrowser.m; path = "cordova-plugin-inappbrowser/CDVInAppBrowser.m"; sourceTree = "<group>"; };
		48BF49392DF946E09E0E2043 /* CDVExif.h */ = {isa = PBXFileReference; explicitFileType = undefined; fileEncoding = 4; includeInIndex = 0; lastKnownFileType = sourcecode.c.h; name = CDVExif.h; path = "cordova-plugin-camera/CDVExif.h"; sourceTree = "<group>"; };
		4AAEDB04F6CB44A39FDBAF17 /* SystemConfiguration.framework */ = {isa = PBXFileReference; explicitFileType = undefined; fileEncoding = 9; includeInIndex = 0; lastKnownFileType = wrapper.framework; name = SystemConfiguration.framework; path = System/Library/Frameworks/SystemConfiguration.framework; sourceTree = SDKROOT; };
		4D0815918897448A9CEE91EB /* UIImage+CropScaleOrientation.h */ = {isa = PBXFileReference; explicitFileType = undefined; fileEncoding = 4; includeInIndex = 0; lastKnownFileType = sourcecode.c.h; name = "UIImage+CropScaleOrientation.h"; path = "cordova-plugin-camera/UIImage+CropScaleOrientation.h"; sourceTree = "<group>"; };
		58A1CBD4A8E04733A5219A1F /* CDVWechat.h */ = {isa = PBXFileReference; explicitFileType = undefined; fileEncoding = 4; includeInIndex = 0; lastKnownFileType = sourcecode.c.h; name = CDVWechat.h; path = "cordova-plugin-wechat/CDVWechat.h"; sourceTree = "<group>"; };
		5B4B74AC77764B5EBFC991D6 /* CDVFileTransfer.h */ = {isa = PBXFileReference; explicitFileType = undefined; fileEncoding = 4; includeInIndex = 0; lastKnownFileType = sourcecode.c.h; name = CDVFileTransfer.h; path = "cordova-plugin-file-transfer/CDVFileTransfer.h"; sourceTree = "<group>"; };
		5B8900321BEE4B1D9EBAE758 /* CDVSplashScreen.m */ = {isa = PBXFileReference; explicitFileType = undefined; fileEncoding = 4; includeInIndex = 0; lastKnownFileType = sourcecode.c.objc; name = CDVSplashScreen.m; path = "cordova-plugin-splashscreen/CDVSplashScreen.m"; sourceTree = "<group>"; };
		5B8BDF3F195B41A09D1979F8 /* CDVCapture.bundle */ = {isa = PBXFileReference; explicitFileType = undefined; fileEncoding = 9; includeInIndex = 0; lastKnownFileType = "wrapper.plug-in"; path = CDVCapture.bundle; sourceTree = "<group>"; };
		5FFE97902724445F8444728C /* WXApiObject.h */ = {isa = PBXFileReference; explicitFileType = undefined; fileEncoding = 4; includeInIndex = 0; lastKnownFileType = sourcecode.c.h; name = WXApiObject.h; path = "cordova-plugin-wechat/WXApiObject.h"; sourceTree = "<group>"; };
		60A7162A2E444EA1A3688B27 /* CDVStatusBar.m */ = {isa = PBXFileReference; explicitFileType = undefined; fileEncoding = 4; includeInIndex = 0; lastKnownFileType = sourcecode.c.objc; name = CDVStatusBar.m; path = "cordova-plugin-statusbar/CDVStatusBar.m"; sourceTree = "<group>"; };
		65E0E552163E4211A97E5E01 /* UIImage+CropScaleOrientation.m */ = {isa = PBXFileReference; explicitFileType = undefined; fileEncoding = 4; includeInIndex = 0; lastKnownFileType = sourcecode.c.objc; name = "UIImage+CropScaleOrientation.m"; path = "cordova-plugin-camera/UIImage+CropScaleOrientation.m"; sourceTree = "<group>"; };
		6612BC1E84624B4E97E31072 /* CDVStatusBar.h */ = {isa = PBXFileReference; explicitFileType = undefined; fileEncoding = 4; includeInIndex = 0; lastKnownFileType = sourcecode.c.h; name = CDVStatusBar.h; path = "cordova-plugin-statusbar/CDVStatusBar.h"; sourceTree = "<group>"; };
		6676EAFB6AF9493D8FF2274E /* CDVLocalFilesystem.m */ = {isa = PBXFileReference; explicitFileType = undefined; fileEncoding = 4; includeInIndex = 0; lastKnownFileType = sourcecode.c.objc; name = CDVLocalFilesystem.m; path = "cordova-plugin-file/CDVLocalFilesystem.m"; sourceTree = "<group>"; };
		6AA667663AFB4C5497165F16 /* libstdc++.tbd */ = {isa = PBXFileReference; explicitFileType = undefined; fileEncoding = 9; includeInIndex = 0; lastKnownFileType = "sourcecode.text-based-dylib-definition"; name = "libstdc++.tbd"; path = "usr/lib/libstdc++.tbd"; sourceTree = SDKROOT; };
		6AD917F96DC94751AB667D3D /* libsqlite3.0.tbd */ = {isa = PBXFileReference; explicitFileType = undefined; fileEncoding = 9; includeInIndex = 0; lastKnownFileType = "sourcecode.text-based-dylib-definition"; name = libsqlite3.0.tbd; path = usr/lib/libsqlite3.0.tbd; sourceTree = SDKROOT; };
		6AFF5BF81D6E424B00AB3073 /* CDVLaunchScreen.storyboard */ = {isa = PBXFileReference; fileEncoding = 4; lastKnownFileType = file.storyboard; name = CDVLaunchScreen.storyboard; path = "信贷派/CDVLaunchScreen.storyboard"; sourceTree = SOURCE_ROOT; };
		6DF73D32C7DE443CBE45B8E2 /* libiconv.tbd */ = {isa = PBXFileReference; explicitFileType = undefined; fileEncoding = 9; includeInIndex = 0; lastKnownFileType = "sourcecode.text-based-dylib-definition"; name = libiconv.tbd; path = usr/lib/libiconv.tbd; sourceTree = SDKROOT; };
		7BDFF7663AE74918BDCAAA04 /* CDVFile.h */ = {isa = PBXFileReference; explicitFileType = undefined; fileEncoding = 4; includeInIndex = 0; lastKnownFileType = sourcecode.c.h; name = CDVFile.h; path = "cordova-plugin-file/CDVFile.h"; sourceTree = "<group>"; };
		7E54DBE8324847F7828624AB /* CDVViewController+SplashScreen.h */ = {isa = PBXFileReference; explicitFileType = undefined; fileEncoding = 4; includeInIndex = 0; lastKnownFileType = sourcecode.c.h; name = "CDVViewController+SplashScreen.h"; path = "cordova-plugin-splashscreen/CDVViewController+SplashScreen.h"; sourceTree = "<group>"; };
		869B177DED7E4A69B1D7A098 /* WXApi.h */ = {isa = PBXFileReference; explicitFileType = undefined; fileEncoding = 4; includeInIndex = 0; lastKnownFileType = sourcecode.c.h; name = WXApi.h; path = "cordova-plugin-wechat/WXApi.h"; sourceTree = "<group>"; };
		8C46CBA4973D48B894943633 /* CDVCamera.m */ = {isa = PBXFileReference; explicitFileType = undefined; fileEncoding = 4; includeInIndex = 0; lastKnownFileType = sourcecode.c.objc; name = CDVCamera.m; path = "cordova-plugin-camera/CDVCamera.m"; sourceTree = "<group>"; };
		8D1107310486CEB800E47090 /* 信贷派-Info.plist */ = {isa = PBXFileReference; fileEncoding = 4; lastKnownFileType = text.plist.xml; name = "信贷派-Info.plist"; path = "信贷派/信贷派-Info.plist"; plistStructureDefinitionIdentifier = "com.apple.xcode.plist.structure-definition.iphone.info-plist"; sourceTree = SOURCE_ROOT; };
		93738E6DE373485AAE5A75E3 /* CDVJpegHeaderWriter.h */ = {isa = PBXFileReference; explicitFileType = undefined; fileEncoding = 4; includeInIndex = 0; lastKnownFileType = sourcecode.c.h; name = CDVJpegHeaderWriter.h; path = "cordova-plugin-camera/CDVJpegHeaderWriter.h"; sourceTree = "<group>"; };
		94C000B323474B47B30D5F02 /* CDVCamera.h */ = {isa = PBXFileReference; explicitFileType = undefined; fileEncoding = 4; includeInIndex = 0; lastKnownFileType = sourcecode.c.h; name = CDVCamera.h; path = "cordova-plugin-camera/CDVCamera.h"; sourceTree = "<group>"; };
		A22BA885115D4727A33F28B4 /* CDVQQSDK.h */ = {isa = PBXFileReference; explicitFileType = undefined; fileEncoding = 4; includeInIndex = 0; lastKnownFileType = sourcecode.c.h; name = CDVQQSDK.h; path = "cordova-plugin-qqsdk/CDVQQSDK.h"; sourceTree = "<group>"; };
		B15D3EF9684D4A59B99FDA6B /* CDVAssetLibraryFilesystem.m */ = {isa = PBXFileReference; explicitFileType = undefined; fileEncoding = 4; includeInIndex = 0; lastKnownFileType = sourcecode.c.objc; name = CDVAssetLibraryFilesystem.m; path = "cordova-plugin-file/CDVAssetLibraryFilesystem.m"; sourceTree = "<group>"; };
		BAAEB4282EA24D358D911E03 /* TencentOpenApi_IOS_Bundle.bundle */ = {isa = PBXFileReference; explicitFileType = undefined; fileEncoding = 9; includeInIndex = 0; lastKnownFileType = "wrapper.plug-in"; path = TencentOpenApi_IOS_Bundle.bundle; sourceTree = "<group>"; };
		C36A7A53EBD24357846F3E86 /* CDVFile.m */ = {isa = PBXFileReference; explicitFileType = undefined; fileEncoding = 4; includeInIndex = 0; lastKnownFileType = sourcecode.c.objc; name = CDVFile.m; path = "cordova-plugin-file/CDVFile.m"; sourceTree = "<group>"; };
		CE1F958352A14626AAA0DFE7 /* libsqlite3.tbd */ = {isa = PBXFileReference; explicitFileType = undefined; fileEncoding = 9; includeInIndex = 0; lastKnownFileType = "sourcecode.text-based-dylib-definition"; name = libsqlite3.tbd; path = usr/lib/libsqlite3.tbd; sourceTree = SDKROOT; };
		D42A7AF56E4B470CAB0DC3DC /* CDVSplashScreen.h */ = {isa = PBXFileReference; explicitFileType = undefined; fileEncoding = 4; includeInIndex = 0; lastKnownFileType = sourcecode.c.h; name = CDVSplashScreen.h; path = "cordova-plugin-splashscreen/CDVSplashScreen.h"; sourceTree = "<group>"; };
		D6800103023547C6BCEF5E7B /* CDVWechat.m */ = {isa = PBXFileReference; explicitFileType = undefined; fileEncoding = 4; includeInIndex = 0; lastKnownFileType = sourcecode.c.objc; name = CDVWechat.m; path = "cordova-plugin-wechat/CDVWechat.m"; sourceTree = "<group>"; };
		DF764BC06D15474BBC88E067 /* CDVCapture.h */ = {isa = PBXFileReference; explicitFileType = undefined; fileEncoding = 4; includeInIndex = 0; lastKnownFileType = sourcecode.c.h; name = CDVCapture.h; path = "cordova-plugin-media-capture/CDVCapture.h"; sourceTree = "<group>"; };
		E054731C94A54308B01C16D4 /* CDVJpegHeaderWriter.m */ = {isa = PBXFileReference; explicitFileType = undefined; fileEncoding = 4; includeInIndex = 0; lastKnownFileType = sourcecode.c.objc; name = CDVJpegHeaderWriter.m; path = "cordova-plugin-camera/CDVJpegHeaderWriter.m"; sourceTree = "<group>"; };
		E641BDC9F2B549E8A9D70CB7 /* TencentOpenAPI.framework */ = {isa = PBXFileReference; explicitFileType = undefined; fileEncoding = 9; includeInIndex = 0; lastKnownFileType = wrapper.framework; name = TencentOpenAPI.framework; path = "信贷派/Plugins/cordova-plugin-qqsdk/TencentOpenAPI.framework"; sourceTree = "<group>"; };
		E94C65989CEC47F4B600FB11 /* CDVLocalFilesystem.h */ = {isa = PBXFileReference; explicitFileType = undefined; fileEncoding = 4; includeInIndex = 0; lastKnownFileType = sourcecode.c.h; name = CDVLocalFilesystem.h; path = "cordova-plugin-file/CDVLocalFilesystem.h"; sourceTree = "<group>"; };
		EB87FDF31871DA8E0020F90C /* www */ = {isa = PBXFileReference; lastKnownFileType = folder; name = www; path = ../../www; sourceTree = "<group>"; };
		EB87FDF41871DAF40020F90C /* config.xml */ = {isa = PBXFileReference; lastKnownFileType = text.xml; name = config.xml; path = ../../config.xml; sourceTree = "<group>"; };
		EC402947B66D46058B2E986F /* ImageIO.framework */ = {isa = PBXFileReference; explicitFileType = undefined; fileEncoding = 9; includeInIndex = 0; lastKnownFileType = wrapper.framework; name = ImageIO.framework; path = System/Library/Frameworks/ImageIO.framework; sourceTree = SDKROOT; };
		ED33DF2A687741AEAF9F8254 /* Bridging-Header.h */ = {isa = PBXFileReference; fileEncoding = 4; lastKnownFileType = sourcecode.c.h; path = "Bridging-Header.h"; sourceTree = "<group>"; };
		EE99E04775F74C0EA763395A /* CDVQQSDK.m */ = {isa = PBXFileReference; explicitFileType = undefined; fileEncoding = 4; includeInIndex = 0; lastKnownFileType = sourcecode.c.objc; name = CDVQQSDK.m; path = "cordova-plugin-qqsdk/CDVQQSDK.m"; sourceTree = "<group>"; };
		F81E64B5876A445091B58521 /* Security.framework */ = {isa = PBXFileReference; explicitFileType = undefined; fileEncoding = 9; includeInIndex = 0; lastKnownFileType = wrapper.framework; name = Security.framework; path = System/Library/Frameworks/Security.framework; sourceTree = SDKROOT; };
		F81FFA5128044BF9A8AB21E8 /* CDVAssetLibraryFilesystem.h */ = {isa = PBXFileReference; explicitFileType = undefined; fileEncoding = 4; includeInIndex = 0; lastKnownFileType = sourcecode.c.h; name = CDVAssetLibraryFilesystem.h; path = "cordova-plugin-file/CDVAssetLibraryFilesystem.h"; sourceTree = "<group>"; };
		F840E1F0165FE0F500CFE078 /* config.xml */ = {isa = PBXFileReference; lastKnownFileType = text.xml; name = config.xml; path = "信贷派/config.xml"; sourceTree = "<group>"; };
		FE1241853404445E8E114B89 /* CDVViewController+SplashScreen.m */ = {isa = PBXFileReference; explicitFileType = undefined; fileEncoding = 4; includeInIndex = 0; lastKnownFileType = sourcecode.c.objc; name = "CDVViewController+SplashScreen.m"; path = "cordova-plugin-splashscreen/CDVViewController+SplashScreen.m"; sourceTree = "<group>"; };
		FF700DC0617D41929D39D5E3 /* CFNetwork.framework */ = {isa = PBXFileReference; explicitFileType = undefined; fileEncoding = 9; includeInIndex = 0; lastKnownFileType = wrapper.framework; name = CFNetwork.framework; path = System/Library/Frameworks/CFNetwork.framework; sourceTree = SDKROOT; };
		14902DE833044487958206B1 /* RareloopAppVersion.m */ = {isa = PBXFileReference; name = "RareloopAppVersion.m"; path = "cordova-plugin-appversion/RareloopAppVersion.m"; sourceTree = "<group>"; fileEncoding = 4; lastKnownFileType = sourcecode.c.objc; explicitFileType = undefined; includeInIndex = 0; };
		38A001C59C724D348E979C8D /* RareloopAppVersion.h */ = {isa = PBXFileReference; name = "RareloopAppVersion.h"; path = "cordova-plugin-appversion/RareloopAppVersion.h"; sourceTree = "<group>"; fileEncoding = 4; lastKnownFileType = sourcecode.c.h; explicitFileType = undefined; includeInIndex = 0; };
/* End PBXFileReference section */

/* Begin PBXFrameworksBuildPhase section */
		1D60588F0D05DD3D006BFB54 /* Frameworks */ = {
			isa = PBXFrameworksBuildPhase;
			buildActionMask = 2147483647;
			files = (
				301BF552109A68D80062928A /* libCordova.a in Frameworks */,
				F4518EC330BB4A5EA1579789 /* libWeChatSDK.a in Frameworks */,
				FAE6C739A1B9402C96BA3DB0 /* libz.tbd in Frameworks */,
				AFC3BC0C4D9442008982CB9F /* libsqlite3.0.tbd in Frameworks */,
				E5A2F9C576964E58895B98AA /* CoreTelephony.framework in Frameworks */,
				D9B942F382184A57AAEA481A /* SystemConfiguration.framework in Frameworks */,
				A25EC02AF2F44C198C8DD58D /* Security.framework in Frameworks */,
				C0CC8F9E66AC4F02B368711B /* CFNetwork.framework in Frameworks */,
				CA7644B0653C42999FFAE479 /* libstdc++.6.tbd in Frameworks */,
				42CB0BFC18874163B14CA818 /* libiconv.tbd in Frameworks */,
				7CE285A4AB4D46C98868999C /* libsqlite3.tbd in Frameworks */,
				1509B41B366247F8A7460ECA /* libstdc++.tbd in Frameworks */,
				BD32485D3FF14829B8E7F6E6 /* TencentOpenAPI.framework in Frameworks */,
				D0C1EB1F7A2142C9A2E74D73 /* ImageIO.framework in Frameworks */,
				3CDDDF0586B345B7ADBCA1AE /* CoreLocation.framework in Frameworks */,
				3D2EAE77B19844B7B678FACD /* AVFoundation.framework in Frameworks */,
			);
			runOnlyForDeploymentPostprocessing = 0;
		};
/* End PBXFrameworksBuildPhase section */

/* Begin PBXGroup section */
		080E96DDFE201D6D7F000001 /* Classes */ = {
			isa = PBXGroup;
			children = (
				302D95EE14D2391D003F00A1 /* MainViewController.h */,
				302D95EF14D2391D003F00A1 /* MainViewController.m */,
				302D95F014D2391D003F00A1 /* MainViewController.xib */,
				1D3623240D0F684500981E51 /* AppDelegate.h */,
				1D3623250D0F684500981E51 /* AppDelegate.m */,
			);
			name = Classes;
			path = "信贷派/Classes";
			sourceTree = SOURCE_ROOT;
		};
		19C28FACFE9D520D11CA2CBB /* Products */ = {
			isa = PBXGroup;
			children = (
				1D6058910D05DD3D006BFB54 /* 信贷派.app */,
			);
			name = Products;
			sourceTree = "<group>";
		};
		29B97314FDCFA39411CA2CEA /* CustomTemplate */ = {
			isa = PBXGroup;
			children = (
				EB87FDF41871DAF40020F90C /* config.xml */,
				EB87FDF31871DA8E0020F90C /* www */,
				EB87FDF11871DA420020F90C /* Staging */,
				301BF52D109A57CC0062928A /* CordovaLib.xcodeproj */,
				080E96DDFE201D6D7F000001 /* Classes */,
				307C750510C5A3420062BCA9 /* Plugins */,
				29B97315FDCFA39411CA2CEA /* Other Sources */,
				29B97317FDCFA39411CA2CEA /* Resources */,
				29B97323FDCFA39411CA2CEA /* Frameworks */,
				19C28FACFE9D520D11CA2CBB /* Products */,
			);
			name = CustomTemplate;
			sourceTree = "<group>";
		};
		29B97315FDCFA39411CA2CEA /* Other Sources */ = {
			isa = PBXGroup;
			children = (
				32CA4F630368D1EE00C91783 /* 信贷派-Prefix.pch */,
				29B97316FDCFA39411CA2CEA /* main.m */,
				ED33DF2A687741AEAF9F8254 /* Bridging-Header.h */,
			);
			name = "Other Sources";
			path = "信贷派";
			sourceTree = "<group>";
		};
		29B97317FDCFA39411CA2CEA /* Resources */ = {
			isa = PBXGroup;
			children = (
				0207DA571B56EA530066E2B4 /* Images.xcassets */,
				3047A50E1AB8057F00498E2A /* config */,
				8D1107310486CEB800E47090 /* 信贷派-Info.plist */,
				6AFF5BF81D6E424B00AB3073 /* CDVLaunchScreen.storyboard */,
				BAAEB4282EA24D358D911E03 /* TencentOpenApi_IOS_Bundle.bundle */,
				5B8BDF3F195B41A09D1979F8 /* CDVCapture.bundle */,
			);
			name = Resources;
			path = "信贷派/Resources";
			sourceTree = "<group>";
		};
		29B97323FDCFA39411CA2CEA /* Frameworks */ = {
			isa = PBXGroup;
			children = (
				3AFD7E877B2D480CB94EE46F /* libWeChatSDK.a */,
				330C621CA5704BD6B76D63D1 /* libz.tbd */,
				6AD917F96DC94751AB667D3D /* libsqlite3.0.tbd */,
				0C991E7AC41848A3A33AD386 /* CoreTelephony.framework */,
				4AAEDB04F6CB44A39FDBAF17 /* SystemConfiguration.framework */,
				F81E64B5876A445091B58521 /* Security.framework */,
				FF700DC0617D41929D39D5E3 /* CFNetwork.framework */,
				2A16BF82CB67468AA1458ABA /* libstdc++.6.tbd */,
				6DF73D32C7DE443CBE45B8E2 /* libiconv.tbd */,
				CE1F958352A14626AAA0DFE7 /* libsqlite3.tbd */,
				6AA667663AFB4C5497165F16 /* libstdc++.tbd */,
				E641BDC9F2B549E8A9D70CB7 /* TencentOpenAPI.framework */,
				EC402947B66D46058B2E986F /* ImageIO.framework */,
				2111A6E0A8CE4581AEC47E4F /* CoreLocation.framework */,
				335965F4008246119A935438 /* AVFoundation.framework */,
			);
			name = Frameworks;
			sourceTree = "<group>";
		};
		301BF52E109A57CC0062928A /* Products */ = {
			isa = PBXGroup;
			children = (
				301BF535109A57CC0062928A /* libCordova.a */,
			);
			name = Products;
			sourceTree = "<group>";
		};
		3047A50E1AB8057F00498E2A /* config */ = {
			isa = PBXGroup;
			children = (
				3047A50F1AB8059700498E2A /* build-debug.xcconfig */,
				3047A5101AB8059700498E2A /* build-release.xcconfig */,
				3047A5111AB8059700498E2A /* build.xcconfig */,
			);
			name = config;
			sourceTree = "<group>";
		};
		307C750510C5A3420062BCA9 /* Plugins */ = {
			isa = PBXGroup;
			children = (
				D6800103023547C6BCEF5E7B /* CDVWechat.m */,
				58A1CBD4A8E04733A5219A1F /* CDVWechat.h */,
				869B177DED7E4A69B1D7A098 /* WXApi.h */,
				5FFE97902724445F8444728C /* WXApiObject.h */,
				EE99E04775F74C0EA763395A /* CDVQQSDK.m */,
				A22BA885115D4727A33F28B4 /* CDVQQSDK.h */,
				60A7162A2E444EA1A3688B27 /* CDVStatusBar.m */,
				6612BC1E84624B4E97E31072 /* CDVStatusBar.h */,
				5B8900321BEE4B1D9EBAE758 /* CDVSplashScreen.m */,
				FE1241853404445E8E114B89 /* CDVViewController+SplashScreen.m */,
				D42A7AF56E4B470CAB0DC3DC /* CDVSplashScreen.h */,
				7E54DBE8324847F7828624AB /* CDVViewController+SplashScreen.h */,
				C36A7A53EBD24357846F3E86 /* CDVFile.m */,
				6676EAFB6AF9493D8FF2274E /* CDVLocalFilesystem.m */,
				B15D3EF9684D4A59B99FDA6B /* CDVAssetLibraryFilesystem.m */,
				7BDFF7663AE74918BDCAAA04 /* CDVFile.h */,
				E94C65989CEC47F4B600FB11 /* CDVLocalFilesystem.h */,
				F81FFA5128044BF9A8AB21E8 /* CDVAssetLibraryFilesystem.h */,
				387D9F78A2F343D5B3760DF8 /* CDVCapture.m */,
				DF764BC06D15474BBC88E067 /* CDVCapture.h */,
				1DDC0A7F69E84FDBA39F56B3 /* CDVFileTransfer.m */,
				5B4B74AC77764B5EBFC991D6 /* CDVFileTransfer.h */,
				65E0E552163E4211A97E5E01 /* UIImage+CropScaleOrientation.m */,
				8C46CBA4973D48B894943633 /* CDVCamera.m */,
				E054731C94A54308B01C16D4 /* CDVJpegHeaderWriter.m */,
				4D0815918897448A9CEE91EB /* UIImage+CropScaleOrientation.h */,
				94C000B323474B47B30D5F02 /* CDVCamera.h */,
				93738E6DE373485AAE5A75E3 /* CDVJpegHeaderWriter.h */,
				48BF49392DF946E09E0E2043 /* CDVExif.h */,
				4098AB40C4E742138DF98601 /* CDVInAppBrowser.m */,
				404E6079BCD94441B36340D3 /* CDVInAppBrowser.h */,
				14902DE833044487958206B1 /* RareloopAppVersion.m */,
				38A001C59C724D348E979C8D /* RareloopAppVersion.h */,
			);
			name = Plugins;
			path = "信贷派/Plugins";
			sourceTree = SOURCE_ROOT;
		};
		EB87FDF11871DA420020F90C /* Staging */ = {
			isa = PBXGroup;
			children = (
				F840E1F0165FE0F500CFE078 /* config.xml */,
				301BF56E109A69640062928A /* www */,
			);
			name = Staging;
			sourceTree = "<group>";
		};
/* End PBXGroup section */

/* Begin PBXNativeTarget section */
		1D6058900D05DD3D006BFB54 /* 信贷派 */ = {
			isa = PBXNativeTarget;
			buildConfigurationList = 1D6058960D05DD3E006BFB54 /* Build configuration list for PBXNativeTarget "信贷派" */;
			buildPhases = (
				304B58A110DAC018002A0835 /* Copy www directory */,
				1D60588D0D05DD3D006BFB54 /* Resources */,
				1D60588E0D05DD3D006BFB54 /* Sources */,
				1D60588F0D05DD3D006BFB54 /* Frameworks */,
			);
			buildRules = (
			);
			dependencies = (
				301BF551109A68C00062928A /* PBXTargetDependency */,
			);
			name = "信贷派";
			productName = "信贷派";
			productReference = 1D6058910D05DD3D006BFB54 /* 信贷派.app */;
			productType = "com.apple.product-type.application";
		};
/* End PBXNativeTarget section */

/* Begin PBXProject section */
		29B97313FDCFA39411CA2CEA /* Project object */ = {
			isa = PBXProject;
			attributes = {
				LastUpgradeCheck = 510;
			};
			buildConfigurationList = C01FCF4E08A954540054247B /* Build configuration list for PBXProject "信贷派" */;
			compatibilityVersion = "Xcode 3.2";
			developmentRegion = English;
			hasScannedForEncodings = 1;
			knownRegions = (
				en,
			);
			mainGroup = 29B97314FDCFA39411CA2CEA /* CustomTemplate */;
			projectDirPath = "";
			projectReferences = (
				{
					ProductGroup = 301BF52E109A57CC0062928A /* Products */;
					ProjectRef = 301BF52D109A57CC0062928A /* CordovaLib.xcodeproj */;
				},
			);
			projectRoot = "";
			targets = (
				1D6058900D05DD3D006BFB54 /* 信贷派 */,
			);
		};
/* End PBXProject section */

/* Begin PBXReferenceProxy section */
		301BF535109A57CC0062928A /* libCordova.a */ = {
			isa = PBXReferenceProxy;
			fileType = archive.ar;
			path = libCordova.a;
			remoteRef = 301BF534109A57CC0062928A /* PBXContainerItemProxy */;
			sourceTree = BUILT_PRODUCTS_DIR;
		};
/* End PBXReferenceProxy section */

/* Begin PBXResourcesBuildPhase section */
		1D60588D0D05DD3D006BFB54 /* Resources */ = {
			isa = PBXResourcesBuildPhase;
			buildActionMask = 2147483647;
			files = (
				302D95F214D2391D003F00A1 /* MainViewController.xib in Resources */,
				0207DA581B56EA530066E2B4 /* Images.xcassets in Resources */,
				6AFF5BF91D6E424B00AB3073 /* CDVLaunchScreen.storyboard in Resources */,
				EEA093139C21421F9E6D326F /* TencentOpenApi_IOS_Bundle.bundle in Resources */,
				04CAF17E5E11484796A822B1 /* CDVCapture.bundle in Resources */,
			);
			runOnlyForDeploymentPostprocessing = 0;
		};
/* End PBXResourcesBuildPhase section */

/* Begin PBXShellScriptBuildPhase section */
		304B58A110DAC018002A0835 /* Copy www directory */ = {
			isa = PBXShellScriptBuildPhase;
			buildActionMask = 2147483647;
			files = (
			);
			inputPaths = (
			);
			name = "Copy www directory";
			outputPaths = (
			);
			runOnlyForDeploymentPostprocessing = 0;
			shellPath = /bin/sh;
			shellScript = "NODEJS_PATH=/usr/local/bin; NVM_NODE_PATH=~/.nvm/versions/node/`nvm version 2>/dev/null`/bin; N_NODE_PATH=`find /usr/local/n/versions/node/* -maxdepth 0 -type d 2>/dev/null | tail -1`/bin; XCODE_NODE_PATH=`xcode-select --print-path`/usr/share/xcs/Node/bin; PATH=$NODEJS_PATH:$NVM_NODE_PATH:$N_NODE_PATH:$XCODE_NODE_PATH:$PATH && node cordova/lib/copy-www-build-step.js";
			showEnvVarsInLog = 0;
		};
/* End PBXShellScriptBuildPhase section */

/* Begin PBXSourcesBuildPhase section */
		1D60588E0D05DD3D006BFB54 /* Sources */ = {
			isa = PBXSourcesBuildPhase;
			buildActionMask = 2147483647;
			files = (
				1D60589B0D05DD56006BFB54 /* main.m in Sources */,
				1D3623260D0F684500981E51 /* AppDelegate.m in Sources */,
				302D95F114D2391D003F00A1 /* MainViewController.m in Sources */,
				4EDBB36A747846E39D0F6487 /* CDVWechat.m in Sources */,
				069CDAB0062D424BB0A5DF6C /* CDVQQSDK.m in Sources */,
				0F94D0D0A1E1440FB5A1A10F /* CDVStatusBar.m in Sources */,
				D83C0444BDB94E24908E2071 /* CDVSplashScreen.m in Sources */,
				77F10B0A871142E7859886F4 /* CDVViewController+SplashScreen.m in Sources */,
				7F778BD3199F4AB9B231BF29 /* CDVFile.m in Sources */,
				C42BD5B64CA94F1F821F5C93 /* CDVLocalFilesystem.m in Sources */,
				5E4F94464EE74A0487395E1A /* CDVAssetLibraryFilesystem.m in Sources */,
				FDD7AA58B1534BD5A792985F /* CDVCapture.m in Sources */,
				8BE1AF858F60486CBBC40671 /* CDVFileTransfer.m in Sources */,
				69E90970E28347628E69B20F /* UIImage+CropScaleOrientation.m in Sources */,
				F5DAA44B8F72410DAFFCDDC3 /* CDVCamera.m in Sources */,
				0667BB8D1AAA4D37AA965E51 /* CDVJpegHeaderWriter.m in Sources */,
				5DA03385585B41DE90F1D457 /* CDVInAppBrowser.m in Sources */,
				9E7B6BDED70B474B8054658D /* RareloopAppVersion.m in Sources */,
			);
			runOnlyForDeploymentPostprocessing = 0;
		};
/* End PBXSourcesBuildPhase section */

/* Begin PBXTargetDependency section */
		301BF551109A68C00062928A /* PBXTargetDependency */ = {
			isa = PBXTargetDependency;
			name = CordovaLib;
			targetProxy = 301BF550109A68C00062928A /* PBXContainerItemProxy */;
		};
/* End PBXTargetDependency section */

/* Begin XCBuildConfiguration section */
		1D6058940D05DD3E006BFB54 /* Debug */ = {
			isa = XCBuildConfiguration;
			baseConfigurationReference = 3047A50F1AB8059700498E2A /* build-debug.xcconfig */;
			buildSettings = {
				ALWAYS_SEARCH_USER_PATHS = NO;
				ASSETCATALOG_COMPILER_APPICON_NAME = AppIcon;
				ASSETCATALOG_COMPILER_LAUNCHIMAGE_NAME = LaunchImage;
				CLANG_ENABLE_MODULES = YES;
				CLANG_ENABLE_OBJC_ARC = YES;
				CODE_SIGN_IDENTITY = "iPhone Distribution: Beijing Soudoushi Information Technology Co., Ltd. (57BFUPB8Z7)";
				COPY_PHASE_STRIP = NO;
				FRAMEWORK_SEARCH_PATHS = (
					"$(inherited)",
					"\"信贷派/Plugins/cordova-plugin-qqsdk\"",
				);
				GCC_DYNAMIC_NO_PIC = NO;
				GCC_OPTIMIZATION_LEVEL = 0;
				GCC_PRECOMPILE_PREFIX_HEADER = YES;
				GCC_PREFIX_HEADER = "信贷派/信贷派-Prefix.pch";
				GCC_THUMB_SUPPORT = NO;
				GCC_VERSION = "";
				INFOPLIST_FILE = "信贷派/信贷派-Info.plist";
				IPHONEOS_DEPLOYMENT_TARGET = 8.0;
				LD_RUNPATH_SEARCH_PATHS = "@executable_path/Frameworks";
				LIBRARY_SEARCH_PATHS = (
					"$(inherited)",
					"\"$(SRCROOT)/信贷派/Plugins/cordova-plugin-wechat\"",
				);
				PRODUCT_NAME = "信贷派";
				PROVISIONING_PROFILE = "31aa5fa5-d762-4d20-bf14-de2ce9ab459f";
				TARGETED_DEVICE_FAMILY = 1;
			};
			name = Debug;
		};
		1D6058950D05DD3E006BFB54 /* Release */ = {
			isa = XCBuildConfiguration;
			baseConfigurationReference = 3047A5101AB8059700498E2A /* build-release.xcconfig */;
			buildSettings = {
				ALWAYS_SEARCH_USER_PATHS = NO;
				ASSETCATALOG_COMPILER_APPICON_NAME = AppIcon;
				ASSETCATALOG_COMPILER_LAUNCHIMAGE_NAME = LaunchImage;
				CLANG_ENABLE_MODULES = YES;
				CLANG_ENABLE_OBJC_ARC = YES;
				CODE_SIGN_IDENTITY = "iPhone Distribution: Beijing Soudoushi Information Technology Co., Ltd. (57BFUPB8Z7)";
				COPY_PHASE_STRIP = YES;
				FRAMEWORK_SEARCH_PATHS = (
					"$(inherited)",
					"\"信贷派/Plugins/cordova-plugin-qqsdk\"",
				);
				GCC_PRECOMPILE_PREFIX_HEADER = YES;
				GCC_PREFIX_HEADER = "信贷派/信贷派-Prefix.pch";
				GCC_THUMB_SUPPORT = NO;
				GCC_VERSION = "";
				INFOPLIST_FILE = "信贷派/信贷派-Info.plist";
				IPHONEOS_DEPLOYMENT_TARGET = 8.0;
				LD_RUNPATH_SEARCH_PATHS = "@executable_path/Frameworks";
				LIBRARY_SEARCH_PATHS = (
					"$(inherited)",
					"\"$(SRCROOT)/信贷派/Plugins/cordova-plugin-wechat\"",
				);
				PRODUCT_NAME = "信贷派";
				PROVISIONING_PROFILE = "31aa5fa5-d762-4d20-bf14-de2ce9ab459f";
				TARGETED_DEVICE_FAMILY = 1;
			};
			name = Release;
		};
		C01FCF4F08A954540054247B /* Debug */ = {
			isa = XCBuildConfiguration;
			baseConfigurationReference = 3047A5111AB8059700498E2A /* build.xcconfig */;
			buildSettings = {
				ASSETCATALOG_COMPILER_LAUNCHIMAGE_NAME = LaunchImage;
				CLANG_ENABLE_MODULES = YES;
				CLANG_ENABLE_OBJC_ARC = YES;
				CLANG_WARN_BOOL_CONVERSION = YES;
				CLANG_WARN_CONSTANT_CONVERSION = YES;
				CLANG_WARN_EMPTY_BODY = YES;
				CLANG_WARN_ENUM_CONVERSION = YES;
				CLANG_WARN_INT_CONVERSION = YES;
				CLANG_WARN__DUPLICATE_METHOD_MATCH = YES;
				CODE_SIGN_IDENTITY = "iPhone Distribution: Beijing Soudoushi Information Technology Co., Ltd. (57BFUPB8Z7)";
				GCC_C_LANGUAGE_STANDARD = c99;
				GCC_THUMB_SUPPORT = NO;
				GCC_VERSION = "";
				GCC_WARN_ABOUT_RETURN_TYPE = YES;
				GCC_WARN_UNDECLARED_SELECTOR = YES;
				GCC_WARN_UNINITIALIZED_AUTOS = YES;
				GCC_WARN_UNUSED_FUNCTION = YES;
				GCC_WARN_UNUSED_VARIABLE = YES;
				ONLY_ACTIVE_ARCH = YES;
				PROVISIONING_PROFILE = "31aa5fa5-d762-4d20-bf14-de2ce9ab459f";
				SDKROOT = iphoneos;
				SKIP_INSTALL = NO;
			};
			name = Debug;
		};
		C01FCF5008A954540054247B /* Release */ = {
			isa = XCBuildConfiguration;
			baseConfigurationReference = 3047A5111AB8059700498E2A /* build.xcconfig */;
			buildSettings = {
				ASSETCATALOG_COMPILER_LAUNCHIMAGE_NAME = LaunchImage;
				CLANG_ENABLE_MODULES = YES;
				CLANG_ENABLE_OBJC_ARC = YES;
				CLANG_WARN_BOOL_CONVERSION = YES;
				CLANG_WARN_CONSTANT_CONVERSION = YES;
				CLANG_WARN_EMPTY_BODY = YES;
				CLANG_WARN_ENUM_CONVERSION = YES;
				CLANG_WARN_INT_CONVERSION = YES;
				CLANG_WARN__DUPLICATE_METHOD_MATCH = YES;
				CODE_SIGN_IDENTITY = "iPhone Distribution: Beijing Soudoushi Information Technology Co., Ltd. (57BFUPB8Z7)";
				GCC_C_LANGUAGE_STANDARD = c99;
				GCC_THUMB_SUPPORT = NO;
				GCC_VERSION = "";
				GCC_WARN_ABOUT_RETURN_TYPE = YES;
				GCC_WARN_UNDECLARED_SELECTOR = YES;
				GCC_WARN_UNINITIALIZED_AUTOS = YES;
				GCC_WARN_UNUSED_FUNCTION = YES;
				GCC_WARN_UNUSED_VARIABLE = YES;
				PROVISIONING_PROFILE = "31aa5fa5-d762-4d20-bf14-de2ce9ab459f";
				SDKROOT = iphoneos;
				SKIP_INSTALL = NO;
			};
			name = Release;
		};
/* End XCBuildConfiguration section */

/* Begin XCConfigurationList section */
		1D6058960D05DD3E006BFB54 /* Build configuration list for PBXNativeTarget "信贷派" */ = {
			isa = XCConfigurationList;
			buildConfigurations = (
				1D6058940D05DD3E006BFB54 /* Debug */,
				1D6058950D05DD3E006BFB54 /* Release */,
			);
			defaultConfigurationIsVisible = 0;
			defaultConfigurationName = Release;
		};
		C01FCF4E08A954540054247B /* Build configuration list for PBXProject "信贷派" */ = {
			isa = XCConfigurationList;
			buildConfigurations = (
				C01FCF4F08A954540054247B /* Debug */,
				C01FCF5008A954540054247B /* Release */,
			);
			defaultConfigurationIsVisible = 0;
			defaultConfigurationName = Release;
		};
/* End XCConfigurationList section */
	};
	rootObject = 29B97313FDCFA39411CA2CEA /* Project object */;
}
